
Microsoft Visual Studio Solution File, Format Version 12.00
# Visual Studio Version 17
Project("{8BC9CEB8-8B4A-11D0-8D11-00A0C91BC942}") = "ALL_BUILD", "ALL_BUILD.vcxproj", "{5AAC3390-3A9E-3FE3-91C8-4618F9139E4E}"
	ProjectSection(ProjectDependencies) = postProject
		{98AC459E-363F-3861-BE6F-451F40603069} = {98AC459E-363F-3861-BE6F-451F40603069}
		{F1BADCD6-5BD0-3499-802E-83C72BE83BD8} = {F1BADCD6-5BD0-3499-802E-83C72BE83BD8}
		{DE5088C1-C99F-36CC-B265-301D0D71E23B} = {DE5088C1-C99F-36CC-B265-301D0D71E23B}
		{F4C30D67-6ACD-3ECE-88D6-AA218E0D2EAA} = {F4C30D67-6ACD-3ECE-88D6-AA218E0D2EAA}
	EndProjectSection
EndProject
Project("{8BC9CEB8-8B4A-11D0-8D11-00A0C91BC942}") = "INSTALL", "INSTALL.vcxproj", "{F5E9D336-EAB8-3DB4-A560-50C48A21C388}"
	ProjectSection(ProjectDependencies) = postProject
		{5AAC3390-3A9E-3FE3-91C8-4618F9139E4E} = {5AAC3390-3A9E-3FE3-91C8-4618F9139E4E}
		{F4C30D67-6ACD-3ECE-88D6-AA218E0D2EAA} = {F4C30D67-6ACD-3ECE-88D6-AA218E0D2EAA}
	EndProjectSection
EndProject
Project("{8BC9CEB8-8B4A-11D0-8D11-00A0C91BC942}") = "PACKAGE", "PACKAGE.vcxproj", "{7284DAAF-3014-353C-824D-01BD424A2C48}"
	ProjectSection(ProjectDependencies) = postProject
		{5AAC3390-3A9E-3FE3-91C8-4618F9139E4E} = {5AAC3390-3A9E-3FE3-91C8-4618F9139E4E}
		{F4C30D67-6ACD-3ECE-88D6-AA218E0D2EAA} = {F4C30D67-6ACD-3ECE-88D6-AA218E0D2EAA}
	EndProjectSection
EndProject
Project("{8BC9CEB8-8B4A-11D0-8D11-00A0C91BC942}") = "SDL3-shared", "SDL3-shared.vcxproj", "{98AC459E-363F-3861-BE6F-451F40603069}"
	ProjectSection(ProjectDependencies) = postProject
		{DE5088C1-C99F-36CC-B265-301D0D71E23B} = {DE5088C1-C99F-36CC-B265-301D0D71E23B}
		{F4C30D67-6ACD-3ECE-88D6-AA218E0D2EAA} = {F4C30D67-6ACD-3ECE-88D6-AA218E0D2EAA}
	EndProjectSection
EndProject
Project("{8BC9CEB8-8B4A-11D0-8D11-00A0C91BC942}") = "SDL3_test", "SDL3_test.vcxproj", "{F1BADCD6-5BD0-3499-802E-83C72BE83BD8}"
	ProjectSection(ProjectDependencies) = postProject
		{F4C30D67-6ACD-3ECE-88D6-AA218E0D2EAA} = {F4C30D67-6ACD-3ECE-88D6-AA218E0D2EAA}
	EndProjectSection
EndProject
Project("{8BC9CEB8-8B4A-11D0-8D11-00A0C91BC942}") = "SDL_uclibc", "SDL_uclibc.vcxproj", "{DE5088C1-C99F-36CC-B265-301D0D71E23B}"
	ProjectSection(ProjectDependencies) = postProject
		{F4C30D67-6ACD-3ECE-88D6-AA218E0D2EAA} = {F4C30D67-6ACD-3ECE-88D6-AA218E0D2EAA}
	EndProjectSection
EndProject
Project("{8BC9CEB8-8B4A-11D0-8D11-00A0C91BC942}") = "ZERO_CHECK", "..\\ZERO_CHECK.vcxproj", "{F4C30D67-6ACD-3ECE-88D6-AA218E0D2EAA}"
	ProjectSection(ProjectDependencies) = postProject
	EndProjectSection
EndProject
Global
	GlobalSection(SolutionConfigurationPlatforms) = preSolution
		Debug|x64 = Debug|x64
		Release|x64 = Release|x64
		MinSizeRel|x64 = MinSizeRel|x64
		RelWithDebInfo|x64 = RelWithDebInfo|x64
	EndGlobalSection
	GlobalSection(ProjectConfigurationPlatforms) = postSolution
		{5AAC3390-3A9E-3FE3-91C8-4618F9139E4E}.Debug|x64.ActiveCfg = Debug|x64
		{5AAC3390-3A9E-3FE3-91C8-4618F9139E4E}.Debug|x64.Build.0 = Debug|x64
		{5AAC3390-3A9E-3FE3-91C8-4618F9139E4E}.Release|x64.ActiveCfg = Release|x64
		{5AAC3390-3A9E-3FE3-91C8-4618F9139E4E}.Release|x64.Build.0 = Release|x64
		{5AAC3390-3A9E-3FE3-91C8-4618F9139E4E}.MinSizeRel|x64.ActiveCfg = MinSizeRel|x64
		{5AAC3390-3A9E-3FE3-91C8-4618F9139E4E}.MinSizeRel|x64.Build.0 = MinSizeRel|x64
		{5AAC3390-3A9E-3FE3-91C8-4618F9139E4E}.RelWithDebInfo|x64.ActiveCfg = RelWithDebInfo|x64
		{5AAC3390-3A9E-3FE3-91C8-4618F9139E4E}.RelWithDebInfo|x64.Build.0 = RelWithDebInfo|x64
		{F5E9D336-EAB8-3DB4-A560-50C48A21C388}.Debug|x64.ActiveCfg = Debug|x64
		{F5E9D336-EAB8-3DB4-A560-50C48A21C388}.Release|x64.ActiveCfg = Release|x64
		{F5E9D336-EAB8-3DB4-A560-50C48A21C388}.MinSizeRel|x64.ActiveCfg = MinSizeRel|x64
		{F5E9D336-EAB8-3DB4-A560-50C48A21C388}.RelWithDebInfo|x64.ActiveCfg = RelWithDebInfo|x64
		{7284DAAF-3014-353C-824D-01BD424A2C48}.Debug|x64.ActiveCfg = Debug|x64
		{7284DAAF-3014-353C-824D-01BD424A2C48}.Release|x64.ActiveCfg = Release|x64
		{7284DAAF-3014-353C-824D-01BD424A2C48}.MinSizeRel|x64.ActiveCfg = MinSizeRel|x64
		{7284DAAF-3014-353C-824D-01BD424A2C48}.RelWithDebInfo|x64.ActiveCfg = RelWithDebInfo|x64
		{98AC459E-363F-3861-BE6F-451F40603069}.Debug|x64.ActiveCfg = Debug|x64
		{98AC459E-363F-3861-BE6F-451F40603069}.Debug|x64.Build.0 = Debug|x64
		{98AC459E-363F-3861-BE6F-451F40603069}.Release|x64.ActiveCfg = Release|x64
		{98AC459E-363F-3861-BE6F-451F40603069}.Release|x64.Build.0 = Release|x64
		{98AC459E-363F-3861-BE6F-451F40603069}.MinSizeRel|x64.ActiveCfg = MinSizeRel|x64
		{98AC459E-363F-3861-BE6F-451F40603069}.MinSizeRel|x64.Build.0 = MinSizeRel|x64
		{98AC459E-363F-3861-BE6F-451F40603069}.RelWithDebInfo|x64.ActiveCfg = RelWithDebInfo|x64
		{98AC459E-363F-3861-BE6F-451F40603069}.RelWithDebInfo|x64.Build.0 = RelWithDebInfo|x64
		{F1BADCD6-5BD0-3499-802E-83C72BE83BD8}.Debug|x64.ActiveCfg = Debug|x64
		{F1BADCD6-5BD0-3499-802E-83C72BE83BD8}.Debug|x64.Build.0 = Debug|x64
		{F1BADCD6-5BD0-3499-802E-83C72BE83BD8}.Release|x64.ActiveCfg = Release|x64
		{F1BADCD6-5BD0-3499-802E-83C72BE83BD8}.Release|x64.Build.0 = Release|x64
		{F1BADCD6-5BD0-3499-802E-83C72BE83BD8}.MinSizeRel|x64.ActiveCfg = MinSizeRel|x64
		{F1BADCD6-5BD0-3499-802E-83C72BE83BD8}.MinSizeRel|x64.Build.0 = MinSizeRel|x64
		{F1BADCD6-5BD0-3499-802E-83C72BE83BD8}.RelWithDebInfo|x64.ActiveCfg = RelWithDebInfo|x64
		{F1BADCD6-5BD0-3499-802E-83C72BE83BD8}.RelWithDebInfo|x64.Build.0 = RelWithDebInfo|x64
		{DE5088C1-C99F-36CC-B265-301D0D71E23B}.Debug|x64.ActiveCfg = Debug|x64
		{DE5088C1-C99F-36CC-B265-301D0D71E23B}.Debug|x64.Build.0 = Debug|x64
		{DE5088C1-C99F-36CC-B265-301D0D71E23B}.Release|x64.ActiveCfg = Release|x64
		{DE5088C1-C99F-36CC-B265-301D0D71E23B}.Release|x64.Build.0 = Release|x64
		{DE5088C1-C99F-36CC-B265-301D0D71E23B}.MinSizeRel|x64.ActiveCfg = MinSizeRel|x64
		{DE5088C1-C99F-36CC-B265-301D0D71E23B}.MinSizeRel|x64.Build.0 = MinSizeRel|x64
		{DE5088C1-C99F-36CC-B265-301D0D71E23B}.RelWithDebInfo|x64.ActiveCfg = RelWithDebInfo|x64
		{DE5088C1-C99F-36CC-B265-301D0D71E23B}.RelWithDebInfo|x64.Build.0 = RelWithDebInfo|x64
		{F4C30D67-6ACD-3ECE-88D6-AA218E0D2EAA}.Debug|x64.ActiveCfg = Debug|x64
		{F4C30D67-6ACD-3ECE-88D6-AA218E0D2EAA}.Debug|x64.Build.0 = Debug|x64
		{F4C30D67-6ACD-3ECE-88D6-AA218E0D2EAA}.Release|x64.ActiveCfg = Release|x64
		{F4C30D67-6ACD-3ECE-88D6-AA218E0D2EAA}.Release|x64.Build.0 = Release|x64
		{F4C30D67-6ACD-3ECE-88D6-AA218E0D2EAA}.MinSizeRel|x64.ActiveCfg = MinSizeRel|x64
		{F4C30D67-6ACD-3ECE-88D6-AA218E0D2EAA}.MinSizeRel|x64.Build.0 = MinSizeRel|x64
		{F4C30D67-6ACD-3ECE-88D6-AA218E0D2EAA}.RelWithDebInfo|x64.ActiveCfg = RelWithDebInfo|x64
		{F4C30D67-6ACD-3ECE-88D6-AA218E0D2EAA}.RelWithDebInfo|x64.Build.0 = RelWithDebInfo|x64
	EndGlobalSection
	GlobalSection(ExtensibilityGlobals) = postSolution
		SolutionGuid = {08E6080F-A962-30C8-BA65-BF242FE7749A}
	EndGlobalSection
	GlobalSection(ExtensibilityAddIns) = postSolution
	EndGlobalSection
EndGlobal
