
Microsoft Visual Studio Solution File, Format Version 12.00
# Visual Studio Version 17
Project("{8BC9CEB8-8B4A-11D0-8D11-00A0C91BC942}") = "ALL_BUILD", "ALL_BUILD.vcxproj", "{5AAC3390-3A9E-3FE3-91C8-4618F9139E4E}"
	ProjectSection(ProjectDependencies) = postProject
		{F4C30D67-6ACD-3ECE-88D6-AA218E0D2EAA} = {F4C30D67-6ACD-3ECE-88D6-AA218E0D2EAA}
		{102C4835-2682-3617-A6B7-33204F33DD9D} = {102C4835-2682-3617-A6B7-33204F33DD9D}
	EndProjectSection
EndProject
Project("{8BC9CEB8-8B4A-11D0-8D11-00A0C91BC942}") = "INSTALL", "INSTALL.vcxproj", "{F5E9D336-EAB8-3DB4-A560-50C48A21C388}"
	ProjectSection(ProjectDependencies) = postProject
		{5AAC3390-3A9E-3FE3-91C8-4618F9139E4E} = {5AAC3390-3A9E-3FE3-91C8-4618F9139E4E}
		{F4C30D67-6ACD-3ECE-88D6-AA218E0D2EAA} = {F4C30D67-6ACD-3ECE-88D6-AA218E0D2EAA}
	EndProjectSection
EndProject
Project("{8BC9CEB8-8B4A-11D0-8D11-00A0C91BC942}") = "PACKAGE", "PACKAGE.vcxproj", "{7284DAAF-3014-353C-824D-01BD424A2C48}"
	ProjectSection(ProjectDependencies) = postProject
		{5AAC3390-3A9E-3FE3-91C8-4618F9139E4E} = {5AAC3390-3A9E-3FE3-91C8-4618F9139E4E}
		{F4C30D67-6ACD-3ECE-88D6-AA218E0D2EAA} = {F4C30D67-6ACD-3ECE-88D6-AA218E0D2EAA}
	EndProjectSection
EndProject
Project("{8BC9CEB8-8B4A-11D0-8D11-00A0C91BC942}") = "ZERO_CHECK", "..\\ZERO_CHECK.vcxproj", "{F4C30D67-6ACD-3ECE-88D6-AA218E0D2EAA}"
	ProjectSection(ProjectDependencies) = postProject
	EndProjectSection
EndProject
Project("{8BC9CEB8-8B4A-11D0-8D11-00A0C91BC942}") = "minhook", "minhook.vcxproj", "{102C4835-2682-3617-A6B7-33204F33DD9D}"
	ProjectSection(ProjectDependencies) = postProject
		{F4C30D67-6ACD-3ECE-88D6-AA218E0D2EAA} = {F4C30D67-6ACD-3ECE-88D6-AA218E0D2EAA}
	EndProjectSection
EndProject
Global
	GlobalSection(SolutionConfigurationPlatforms) = preSolution
		Debug|x64 = Debug|x64
		Release|x64 = Release|x64
		MinSizeRel|x64 = MinSizeRel|x64
		RelWithDebInfo|x64 = RelWithDebInfo|x64
	EndGlobalSection
	GlobalSection(ProjectConfigurationPlatforms) = postSolution
		{5AAC3390-3A9E-3FE3-91C8-4618F9139E4E}.Debug|x64.ActiveCfg = Debug|x64
		{5AAC3390-3A9E-3FE3-91C8-4618F9139E4E}.Debug|x64.Build.0 = Debug|x64
		{5AAC3390-3A9E-3FE3-91C8-4618F9139E4E}.Release|x64.ActiveCfg = Release|x64
		{5AAC3390-3A9E-3FE3-91C8-4618F9139E4E}.Release|x64.Build.0 = Release|x64
		{5AAC3390-3A9E-3FE3-91C8-4618F9139E4E}.MinSizeRel|x64.ActiveCfg = MinSizeRel|x64
		{5AAC3390-3A9E-3FE3-91C8-4618F9139E4E}.MinSizeRel|x64.Build.0 = MinSizeRel|x64
		{5AAC3390-3A9E-3FE3-91C8-4618F9139E4E}.RelWithDebInfo|x64.ActiveCfg = RelWithDebInfo|x64
		{5AAC3390-3A9E-3FE3-91C8-4618F9139E4E}.RelWithDebInfo|x64.Build.0 = RelWithDebInfo|x64
		{F5E9D336-EAB8-3DB4-A560-50C48A21C388}.Debug|x64.ActiveCfg = Debug|x64
		{F5E9D336-EAB8-3DB4-A560-50C48A21C388}.Release|x64.ActiveCfg = Release|x64
		{F5E9D336-EAB8-3DB4-A560-50C48A21C388}.MinSizeRel|x64.ActiveCfg = MinSizeRel|x64
		{F5E9D336-EAB8-3DB4-A560-50C48A21C388}.RelWithDebInfo|x64.ActiveCfg = RelWithDebInfo|x64
		{7284DAAF-3014-353C-824D-01BD424A2C48}.Debug|x64.ActiveCfg = Debug|x64
		{7284DAAF-3014-353C-824D-01BD424A2C48}.Release|x64.ActiveCfg = Release|x64
		{7284DAAF-3014-353C-824D-01BD424A2C48}.MinSizeRel|x64.ActiveCfg = MinSizeRel|x64
		{7284DAAF-3014-353C-824D-01BD424A2C48}.RelWithDebInfo|x64.ActiveCfg = RelWithDebInfo|x64
		{F4C30D67-6ACD-3ECE-88D6-AA218E0D2EAA}.Debug|x64.ActiveCfg = Debug|x64
		{F4C30D67-6ACD-3ECE-88D6-AA218E0D2EAA}.Debug|x64.Build.0 = Debug|x64
		{F4C30D67-6ACD-3ECE-88D6-AA218E0D2EAA}.Release|x64.ActiveCfg = Release|x64
		{F4C30D67-6ACD-3ECE-88D6-AA218E0D2EAA}.Release|x64.Build.0 = Release|x64
		{F4C30D67-6ACD-3ECE-88D6-AA218E0D2EAA}.MinSizeRel|x64.ActiveCfg = MinSizeRel|x64
		{F4C30D67-6ACD-3ECE-88D6-AA218E0D2EAA}.MinSizeRel|x64.Build.0 = MinSizeRel|x64
		{F4C30D67-6ACD-3ECE-88D6-AA218E0D2EAA}.RelWithDebInfo|x64.ActiveCfg = RelWithDebInfo|x64
		{F4C30D67-6ACD-3ECE-88D6-AA218E0D2EAA}.RelWithDebInfo|x64.Build.0 = RelWithDebInfo|x64
		{102C4835-2682-3617-A6B7-33204F33DD9D}.Debug|x64.ActiveCfg = Debug|x64
		{102C4835-2682-3617-A6B7-33204F33DD9D}.Debug|x64.Build.0 = Debug|x64
		{102C4835-2682-3617-A6B7-33204F33DD9D}.Release|x64.ActiveCfg = Release|x64
		{102C4835-2682-3617-A6B7-33204F33DD9D}.Release|x64.Build.0 = Release|x64
		{102C4835-2682-3617-A6B7-33204F33DD9D}.MinSizeRel|x64.ActiveCfg = MinSizeRel|x64
		{102C4835-2682-3617-A6B7-33204F33DD9D}.MinSizeRel|x64.Build.0 = MinSizeRel|x64
		{102C4835-2682-3617-A6B7-33204F33DD9D}.RelWithDebInfo|x64.ActiveCfg = RelWithDebInfo|x64
		{102C4835-2682-3617-A6B7-33204F33DD9D}.RelWithDebInfo|x64.Build.0 = RelWithDebInfo|x64
	EndGlobalSection
	GlobalSection(ExtensibilityGlobals) = postSolution
		SolutionGuid = {9B713924-B700-301E-B2D9-A8DCB99E9B3F}
	EndGlobalSection
	GlobalSection(ExtensibilityAddIns) = postSolution
	EndGlobalSection
EndGlobal
