
Microsoft Visual Studio Solution File, Format Version 12.00
# Visual Studio Version 17
Project("{8BC9CEB8-8B4A-11D0-8D11-00A0C91BC942}") = "ALL_BUILD", "ALL_BUILD.vcxproj", "{5AAC3390-3A9E-3FE3-91C8-4618F9139E4E}"
	ProjectSection(ProjectDependencies) = postProject
		{933E25F2-8646-34FB-BDD3-13CB83CA7F98} = {933E25F2-8646-34FB-BDD3-13CB83CA7F98}
		{0E6CD12D-A3F8-3D2E-B195-E9AB0F1182BF} = {0E6CD12D-A3F8-3D2E-B195-E9AB0F1182BF}
		{7B4A01B3-F875-3201-B8C9-AA5F1F0A8867} = {7B4A01B3-F875-3201-B8C9-AA5F1F0A8867}
		{F4C30D67-6ACD-3ECE-88D6-AA218E0D2EAA} = {F4C30D67-6ACD-3ECE-88D6-AA218E0D2EAA}
	EndProjectSection
EndProject
Project("{8BC9CEB8-8B4A-11D0-8D11-00A0C91BC942}") = "INSTALL", "INSTALL.vcxproj", "{F5E9D336-EAB8-3DB4-A560-50C48A21C388}"
	ProjectSection(ProjectDependencies) = postProject
		{5AAC3390-3A9E-3FE3-91C8-4618F9139E4E} = {5AAC3390-3A9E-3FE3-91C8-4618F9139E4E}
		{F4C30D67-6ACD-3ECE-88D6-AA218E0D2EAA} = {F4C30D67-6ACD-3ECE-88D6-AA218E0D2EAA}
	EndProjectSection
EndProject
Project("{8BC9CEB8-8B4A-11D0-8D11-00A0C91BC942}") = "KBDTrainer", "KBDTrainer.vcxproj", "{933E25F2-8646-34FB-BDD3-13CB83CA7F98}"
	ProjectSection(ProjectDependencies) = postProject
		{98AC459E-363F-3861-BE6F-451F40603069} = {98AC459E-363F-3861-BE6F-451F40603069}
		{F8D4282B-7CC0-3BB7-8B17-CD372E6E45ED} = {F8D4282B-7CC0-3BB7-8B17-CD372E6E45ED}
		{CA1EED70-72AB-3450-9A68-1B7FEBA92FCE} = {CA1EED70-72AB-3450-9A68-1B7FEBA92FCE}
		{F4C30D67-6ACD-3ECE-88D6-AA218E0D2EAA} = {F4C30D67-6ACD-3ECE-88D6-AA218E0D2EAA}
	EndProjectSection
EndProject
Project("{8BC9CEB8-8B4A-11D0-8D11-00A0C91BC942}") = "KBDTrainerInjector", "KBDTrainerInjector.vcxproj", "{0E6CD12D-A3F8-3D2E-B195-E9AB0F1182BF}"
	ProjectSection(ProjectDependencies) = postProject
		{F4C30D67-6ACD-3ECE-88D6-AA218E0D2EAA} = {F4C30D67-6ACD-3ECE-88D6-AA218E0D2EAA}
	EndProjectSection
EndProject
Project("{8BC9CEB8-8B4A-11D0-8D11-00A0C91BC942}") = "KBDTrainerOverlay", "KBDTrainerOverlay.vcxproj", "{7B4A01B3-F875-3201-B8C9-AA5F1F0A8867}"
	ProjectSection(ProjectDependencies) = postProject
		{F4C30D67-6ACD-3ECE-88D6-AA218E0D2EAA} = {F4C30D67-6ACD-3ECE-88D6-AA218E0D2EAA}
		{102C4835-2682-3617-A6B7-33204F33DD9D} = {102C4835-2682-3617-A6B7-33204F33DD9D}
	EndProjectSection
EndProject
Project("{8BC9CEB8-8B4A-11D0-8D11-00A0C91BC942}") = "PACKAGE", "PACKAGE.vcxproj", "{7284DAAF-3014-353C-824D-01BD424A2C48}"
	ProjectSection(ProjectDependencies) = postProject
		{5AAC3390-3A9E-3FE3-91C8-4618F9139E4E} = {5AAC3390-3A9E-3FE3-91C8-4618F9139E4E}
		{F4C30D67-6ACD-3ECE-88D6-AA218E0D2EAA} = {F4C30D67-6ACD-3ECE-88D6-AA218E0D2EAA}
	EndProjectSection
EndProject
Project("{8BC9CEB8-8B4A-11D0-8D11-00A0C91BC942}") = "SDL3-shared", "SDL\SDL3-shared.vcxproj", "{98AC459E-363F-3861-BE6F-451F40603069}"
	ProjectSection(ProjectDependencies) = postProject
		{DE5088C1-C99F-36CC-B265-301D0D71E23B} = {DE5088C1-C99F-36CC-B265-301D0D71E23B}
		{F4C30D67-6ACD-3ECE-88D6-AA218E0D2EAA} = {F4C30D67-6ACD-3ECE-88D6-AA218E0D2EAA}
	EndProjectSection
EndProject
Project("{8BC9CEB8-8B4A-11D0-8D11-00A0C91BC942}") = "SDL3_image-shared", "SDL_image\SDL3_image-shared.vcxproj", "{F8D4282B-7CC0-3BB7-8B17-CD372E6E45ED}"
	ProjectSection(ProjectDependencies) = postProject
		{98AC459E-363F-3861-BE6F-451F40603069} = {98AC459E-363F-3861-BE6F-451F40603069}
		{F4C30D67-6ACD-3ECE-88D6-AA218E0D2EAA} = {F4C30D67-6ACD-3ECE-88D6-AA218E0D2EAA}
		{4DD08084-4B1F-3983-BB00-A15E5F851C1A} = {4DD08084-4B1F-3983-BB00-A15E5F851C1A}
	EndProjectSection
EndProject
Project("{8BC9CEB8-8B4A-11D0-8D11-00A0C91BC942}") = "SDL3_ttf-shared", "SDL_ttf\SDL3_ttf-shared.vcxproj", "{CA1EED70-72AB-3450-9A68-1B7FEBA92FCE}"
	ProjectSection(ProjectDependencies) = postProject
		{98AC459E-363F-3861-BE6F-451F40603069} = {98AC459E-363F-3861-BE6F-451F40603069}
		{F4C30D67-6ACD-3ECE-88D6-AA218E0D2EAA} = {F4C30D67-6ACD-3ECE-88D6-AA218E0D2EAA}
		{E90D4331-D888-3BFC-8D79-1F82CF736B14} = {E90D4331-D888-3BFC-8D79-1F82CF736B14}
	EndProjectSection
EndProject
Project("{8BC9CEB8-8B4A-11D0-8D11-00A0C91BC942}") = "SDL_uclibc", "SDL\SDL_uclibc.vcxproj", "{DE5088C1-C99F-36CC-B265-301D0D71E23B}"
	ProjectSection(ProjectDependencies) = postProject
		{F4C30D67-6ACD-3ECE-88D6-AA218E0D2EAA} = {F4C30D67-6ACD-3ECE-88D6-AA218E0D2EAA}
	EndProjectSection
EndProject
Project("{8BC9CEB8-8B4A-11D0-8D11-00A0C91BC942}") = "ZERO_CHECK", "ZERO_CHECK.vcxproj", "{F4C30D67-6ACD-3ECE-88D6-AA218E0D2EAA}"
	ProjectSection(ProjectDependencies) = postProject
	EndProjectSection
EndProject
Project("{8BC9CEB8-8B4A-11D0-8D11-00A0C91BC942}") = "freetype", "SDL_ttf\external\freetype-build\freetype.vcxproj", "{AACCC614-5302-33AE-86F0-A772F4792D90}"
	ProjectSection(ProjectDependencies) = postProject
		{F4C30D67-6ACD-3ECE-88D6-AA218E0D2EAA} = {F4C30D67-6ACD-3ECE-88D6-AA218E0D2EAA}
	EndProjectSection
EndProject
Project("{8BC9CEB8-8B4A-11D0-8D11-00A0C91BC942}") = "harfbuzz", "SDL_ttf\external\harfbuzz-build\harfbuzz.vcxproj", "{E90D4331-D888-3BFC-8D79-1F82CF736B14}"
	ProjectSection(ProjectDependencies) = postProject
		{AACCC614-5302-33AE-86F0-A772F4792D90} = {AACCC614-5302-33AE-86F0-A772F4792D90}
	EndProjectSection
EndProject
Project("{8BC9CEB8-8B4A-11D0-8D11-00A0C91BC942}") = "minhook", "minhook\minhook.vcxproj", "{102C4835-2682-3617-A6B7-33204F33DD9D}"
	ProjectSection(ProjectDependencies) = postProject
		{F4C30D67-6ACD-3ECE-88D6-AA218E0D2EAA} = {F4C30D67-6ACD-3ECE-88D6-AA218E0D2EAA}
	EndProjectSection
EndProject
Project("{8BC9CEB8-8B4A-11D0-8D11-00A0C91BC942}") = "tiff", "SDL_image\external\libtiff-build\libtiff\tiff.vcxproj", "{4DD08084-4B1F-3983-BB00-A15E5F851C1A}"
	ProjectSection(ProjectDependencies) = postProject
		{F4C30D67-6ACD-3ECE-88D6-AA218E0D2EAA} = {F4C30D67-6ACD-3ECE-88D6-AA218E0D2EAA}
	EndProjectSection
EndProject
Global
	GlobalSection(SolutionConfigurationPlatforms) = preSolution
		Debug|x64 = Debug|x64
		Release|x64 = Release|x64
		MinSizeRel|x64 = MinSizeRel|x64
		RelWithDebInfo|x64 = RelWithDebInfo|x64
	EndGlobalSection
	GlobalSection(ProjectConfigurationPlatforms) = postSolution
		{5AAC3390-3A9E-3FE3-91C8-4618F9139E4E}.Debug|x64.ActiveCfg = Debug|x64
		{5AAC3390-3A9E-3FE3-91C8-4618F9139E4E}.Debug|x64.Build.0 = Debug|x64
		{5AAC3390-3A9E-3FE3-91C8-4618F9139E4E}.Release|x64.ActiveCfg = Release|x64
		{5AAC3390-3A9E-3FE3-91C8-4618F9139E4E}.Release|x64.Build.0 = Release|x64
		{5AAC3390-3A9E-3FE3-91C8-4618F9139E4E}.MinSizeRel|x64.ActiveCfg = MinSizeRel|x64
		{5AAC3390-3A9E-3FE3-91C8-4618F9139E4E}.MinSizeRel|x64.Build.0 = MinSizeRel|x64
		{5AAC3390-3A9E-3FE3-91C8-4618F9139E4E}.RelWithDebInfo|x64.ActiveCfg = RelWithDebInfo|x64
		{5AAC3390-3A9E-3FE3-91C8-4618F9139E4E}.RelWithDebInfo|x64.Build.0 = RelWithDebInfo|x64
		{F5E9D336-EAB8-3DB4-A560-50C48A21C388}.Debug|x64.ActiveCfg = Debug|x64
		{F5E9D336-EAB8-3DB4-A560-50C48A21C388}.Release|x64.ActiveCfg = Release|x64
		{F5E9D336-EAB8-3DB4-A560-50C48A21C388}.MinSizeRel|x64.ActiveCfg = MinSizeRel|x64
		{F5E9D336-EAB8-3DB4-A560-50C48A21C388}.RelWithDebInfo|x64.ActiveCfg = RelWithDebInfo|x64
		{933E25F2-8646-34FB-BDD3-13CB83CA7F98}.Debug|x64.ActiveCfg = Debug|x64
		{933E25F2-8646-34FB-BDD3-13CB83CA7F98}.Debug|x64.Build.0 = Debug|x64
		{933E25F2-8646-34FB-BDD3-13CB83CA7F98}.Release|x64.ActiveCfg = Release|x64
		{933E25F2-8646-34FB-BDD3-13CB83CA7F98}.Release|x64.Build.0 = Release|x64
		{933E25F2-8646-34FB-BDD3-13CB83CA7F98}.MinSizeRel|x64.ActiveCfg = MinSizeRel|x64
		{933E25F2-8646-34FB-BDD3-13CB83CA7F98}.MinSizeRel|x64.Build.0 = MinSizeRel|x64
		{933E25F2-8646-34FB-BDD3-13CB83CA7F98}.RelWithDebInfo|x64.ActiveCfg = RelWithDebInfo|x64
		{933E25F2-8646-34FB-BDD3-13CB83CA7F98}.RelWithDebInfo|x64.Build.0 = RelWithDebInfo|x64
		{0E6CD12D-A3F8-3D2E-B195-E9AB0F1182BF}.Debug|x64.ActiveCfg = Debug|x64
		{0E6CD12D-A3F8-3D2E-B195-E9AB0F1182BF}.Debug|x64.Build.0 = Debug|x64
		{0E6CD12D-A3F8-3D2E-B195-E9AB0F1182BF}.Release|x64.ActiveCfg = Release|x64
		{0E6CD12D-A3F8-3D2E-B195-E9AB0F1182BF}.Release|x64.Build.0 = Release|x64
		{0E6CD12D-A3F8-3D2E-B195-E9AB0F1182BF}.MinSizeRel|x64.ActiveCfg = MinSizeRel|x64
		{0E6CD12D-A3F8-3D2E-B195-E9AB0F1182BF}.MinSizeRel|x64.Build.0 = MinSizeRel|x64
		{0E6CD12D-A3F8-3D2E-B195-E9AB0F1182BF}.RelWithDebInfo|x64.ActiveCfg = RelWithDebInfo|x64
		{0E6CD12D-A3F8-3D2E-B195-E9AB0F1182BF}.RelWithDebInfo|x64.Build.0 = RelWithDebInfo|x64
		{7B4A01B3-F875-3201-B8C9-AA5F1F0A8867}.Debug|x64.ActiveCfg = Debug|x64
		{7B4A01B3-F875-3201-B8C9-AA5F1F0A8867}.Debug|x64.Build.0 = Debug|x64
		{7B4A01B3-F875-3201-B8C9-AA5F1F0A8867}.Release|x64.ActiveCfg = Release|x64
		{7B4A01B3-F875-3201-B8C9-AA5F1F0A8867}.Release|x64.Build.0 = Release|x64
		{7B4A01B3-F875-3201-B8C9-AA5F1F0A8867}.MinSizeRel|x64.ActiveCfg = MinSizeRel|x64
		{7B4A01B3-F875-3201-B8C9-AA5F1F0A8867}.MinSizeRel|x64.Build.0 = MinSizeRel|x64
		{7B4A01B3-F875-3201-B8C9-AA5F1F0A8867}.RelWithDebInfo|x64.ActiveCfg = RelWithDebInfo|x64
		{7B4A01B3-F875-3201-B8C9-AA5F1F0A8867}.RelWithDebInfo|x64.Build.0 = RelWithDebInfo|x64
		{7284DAAF-3014-353C-824D-01BD424A2C48}.Debug|x64.ActiveCfg = Debug|x64
		{7284DAAF-3014-353C-824D-01BD424A2C48}.Release|x64.ActiveCfg = Release|x64
		{7284DAAF-3014-353C-824D-01BD424A2C48}.MinSizeRel|x64.ActiveCfg = MinSizeRel|x64
		{7284DAAF-3014-353C-824D-01BD424A2C48}.RelWithDebInfo|x64.ActiveCfg = RelWithDebInfo|x64
		{98AC459E-363F-3861-BE6F-451F40603069}.Debug|x64.ActiveCfg = Debug|x64
		{98AC459E-363F-3861-BE6F-451F40603069}.Debug|x64.Build.0 = Debug|x64
		{98AC459E-363F-3861-BE6F-451F40603069}.Release|x64.ActiveCfg = Release|x64
		{98AC459E-363F-3861-BE6F-451F40603069}.Release|x64.Build.0 = Release|x64
		{98AC459E-363F-3861-BE6F-451F40603069}.MinSizeRel|x64.ActiveCfg = MinSizeRel|x64
		{98AC459E-363F-3861-BE6F-451F40603069}.MinSizeRel|x64.Build.0 = MinSizeRel|x64
		{98AC459E-363F-3861-BE6F-451F40603069}.RelWithDebInfo|x64.ActiveCfg = RelWithDebInfo|x64
		{98AC459E-363F-3861-BE6F-451F40603069}.RelWithDebInfo|x64.Build.0 = RelWithDebInfo|x64
		{F8D4282B-7CC0-3BB7-8B17-CD372E6E45ED}.Debug|x64.ActiveCfg = Debug|x64
		{F8D4282B-7CC0-3BB7-8B17-CD372E6E45ED}.Debug|x64.Build.0 = Debug|x64
		{F8D4282B-7CC0-3BB7-8B17-CD372E6E45ED}.Release|x64.ActiveCfg = Release|x64
		{F8D4282B-7CC0-3BB7-8B17-CD372E6E45ED}.Release|x64.Build.0 = Release|x64
		{F8D4282B-7CC0-3BB7-8B17-CD372E6E45ED}.MinSizeRel|x64.ActiveCfg = MinSizeRel|x64
		{F8D4282B-7CC0-3BB7-8B17-CD372E6E45ED}.MinSizeRel|x64.Build.0 = MinSizeRel|x64
		{F8D4282B-7CC0-3BB7-8B17-CD372E6E45ED}.RelWithDebInfo|x64.ActiveCfg = RelWithDebInfo|x64
		{F8D4282B-7CC0-3BB7-8B17-CD372E6E45ED}.RelWithDebInfo|x64.Build.0 = RelWithDebInfo|x64
		{CA1EED70-72AB-3450-9A68-1B7FEBA92FCE}.Debug|x64.ActiveCfg = Debug|x64
		{CA1EED70-72AB-3450-9A68-1B7FEBA92FCE}.Debug|x64.Build.0 = Debug|x64
		{CA1EED70-72AB-3450-9A68-1B7FEBA92FCE}.Release|x64.ActiveCfg = Release|x64
		{CA1EED70-72AB-3450-9A68-1B7FEBA92FCE}.Release|x64.Build.0 = Release|x64
		{CA1EED70-72AB-3450-9A68-1B7FEBA92FCE}.MinSizeRel|x64.ActiveCfg = MinSizeRel|x64
		{CA1EED70-72AB-3450-9A68-1B7FEBA92FCE}.MinSizeRel|x64.Build.0 = MinSizeRel|x64
		{CA1EED70-72AB-3450-9A68-1B7FEBA92FCE}.RelWithDebInfo|x64.ActiveCfg = RelWithDebInfo|x64
		{CA1EED70-72AB-3450-9A68-1B7FEBA92FCE}.RelWithDebInfo|x64.Build.0 = RelWithDebInfo|x64
		{DE5088C1-C99F-36CC-B265-301D0D71E23B}.Debug|x64.ActiveCfg = Debug|x64
		{DE5088C1-C99F-36CC-B265-301D0D71E23B}.Debug|x64.Build.0 = Debug|x64
		{DE5088C1-C99F-36CC-B265-301D0D71E23B}.Release|x64.ActiveCfg = Release|x64
		{DE5088C1-C99F-36CC-B265-301D0D71E23B}.Release|x64.Build.0 = Release|x64
		{DE5088C1-C99F-36CC-B265-301D0D71E23B}.MinSizeRel|x64.ActiveCfg = MinSizeRel|x64
		{DE5088C1-C99F-36CC-B265-301D0D71E23B}.MinSizeRel|x64.Build.0 = MinSizeRel|x64
		{DE5088C1-C99F-36CC-B265-301D0D71E23B}.RelWithDebInfo|x64.ActiveCfg = RelWithDebInfo|x64
		{DE5088C1-C99F-36CC-B265-301D0D71E23B}.RelWithDebInfo|x64.Build.0 = RelWithDebInfo|x64
		{F4C30D67-6ACD-3ECE-88D6-AA218E0D2EAA}.Debug|x64.ActiveCfg = Debug|x64
		{F4C30D67-6ACD-3ECE-88D6-AA218E0D2EAA}.Debug|x64.Build.0 = Debug|x64
		{F4C30D67-6ACD-3ECE-88D6-AA218E0D2EAA}.Release|x64.ActiveCfg = Release|x64
		{F4C30D67-6ACD-3ECE-88D6-AA218E0D2EAA}.Release|x64.Build.0 = Release|x64
		{F4C30D67-6ACD-3ECE-88D6-AA218E0D2EAA}.MinSizeRel|x64.ActiveCfg = MinSizeRel|x64
		{F4C30D67-6ACD-3ECE-88D6-AA218E0D2EAA}.MinSizeRel|x64.Build.0 = MinSizeRel|x64
		{F4C30D67-6ACD-3ECE-88D6-AA218E0D2EAA}.RelWithDebInfo|x64.ActiveCfg = RelWithDebInfo|x64
		{F4C30D67-6ACD-3ECE-88D6-AA218E0D2EAA}.RelWithDebInfo|x64.Build.0 = RelWithDebInfo|x64
		{AACCC614-5302-33AE-86F0-A772F4792D90}.Debug|x64.ActiveCfg = Debug|x64
		{AACCC614-5302-33AE-86F0-A772F4792D90}.Debug|x64.Build.0 = Debug|x64
		{AACCC614-5302-33AE-86F0-A772F4792D90}.Release|x64.ActiveCfg = Release|x64
		{AACCC614-5302-33AE-86F0-A772F4792D90}.Release|x64.Build.0 = Release|x64
		{AACCC614-5302-33AE-86F0-A772F4792D90}.MinSizeRel|x64.ActiveCfg = MinSizeRel|x64
		{AACCC614-5302-33AE-86F0-A772F4792D90}.MinSizeRel|x64.Build.0 = MinSizeRel|x64
		{AACCC614-5302-33AE-86F0-A772F4792D90}.RelWithDebInfo|x64.ActiveCfg = RelWithDebInfo|x64
		{AACCC614-5302-33AE-86F0-A772F4792D90}.RelWithDebInfo|x64.Build.0 = RelWithDebInfo|x64
		{E90D4331-D888-3BFC-8D79-1F82CF736B14}.Debug|x64.ActiveCfg = Debug|x64
		{E90D4331-D888-3BFC-8D79-1F82CF736B14}.Debug|x64.Build.0 = Debug|x64
		{E90D4331-D888-3BFC-8D79-1F82CF736B14}.Release|x64.ActiveCfg = Release|x64
		{E90D4331-D888-3BFC-8D79-1F82CF736B14}.Release|x64.Build.0 = Release|x64
		{E90D4331-D888-3BFC-8D79-1F82CF736B14}.MinSizeRel|x64.ActiveCfg = MinSizeRel|x64
		{E90D4331-D888-3BFC-8D79-1F82CF736B14}.MinSizeRel|x64.Build.0 = MinSizeRel|x64
		{E90D4331-D888-3BFC-8D79-1F82CF736B14}.RelWithDebInfo|x64.ActiveCfg = RelWithDebInfo|x64
		{E90D4331-D888-3BFC-8D79-1F82CF736B14}.RelWithDebInfo|x64.Build.0 = RelWithDebInfo|x64
		{102C4835-2682-3617-A6B7-33204F33DD9D}.Debug|x64.ActiveCfg = Debug|x64
		{102C4835-2682-3617-A6B7-33204F33DD9D}.Debug|x64.Build.0 = Debug|x64
		{102C4835-2682-3617-A6B7-33204F33DD9D}.Release|x64.ActiveCfg = Release|x64
		{102C4835-2682-3617-A6B7-33204F33DD9D}.Release|x64.Build.0 = Release|x64
		{102C4835-2682-3617-A6B7-33204F33DD9D}.MinSizeRel|x64.ActiveCfg = MinSizeRel|x64
		{102C4835-2682-3617-A6B7-33204F33DD9D}.MinSizeRel|x64.Build.0 = MinSizeRel|x64
		{102C4835-2682-3617-A6B7-33204F33DD9D}.RelWithDebInfo|x64.ActiveCfg = RelWithDebInfo|x64
		{102C4835-2682-3617-A6B7-33204F33DD9D}.RelWithDebInfo|x64.Build.0 = RelWithDebInfo|x64
		{4DD08084-4B1F-3983-BB00-A15E5F851C1A}.Debug|x64.ActiveCfg = Debug|x64
		{4DD08084-4B1F-3983-BB00-A15E5F851C1A}.Debug|x64.Build.0 = Debug|x64
		{4DD08084-4B1F-3983-BB00-A15E5F851C1A}.Release|x64.ActiveCfg = Release|x64
		{4DD08084-4B1F-3983-BB00-A15E5F851C1A}.Release|x64.Build.0 = Release|x64
		{4DD08084-4B1F-3983-BB00-A15E5F851C1A}.MinSizeRel|x64.ActiveCfg = MinSizeRel|x64
		{4DD08084-4B1F-3983-BB00-A15E5F851C1A}.MinSizeRel|x64.Build.0 = MinSizeRel|x64
		{4DD08084-4B1F-3983-BB00-A15E5F851C1A}.RelWithDebInfo|x64.ActiveCfg = RelWithDebInfo|x64
		{4DD08084-4B1F-3983-BB00-A15E5F851C1A}.RelWithDebInfo|x64.Build.0 = RelWithDebInfo|x64
	EndGlobalSection
	GlobalSection(ExtensibilityGlobals) = postSolution
		SolutionGuid = {ACF77D05-7013-35F7-AAB1-C0913A07548E}
	EndGlobalSection
	GlobalSection(ExtensibilityAddIns) = postSolution
	EndGlobalSection
EndGlobal
